
Microsoft Visual Studio Solution File, Format Version 12.00
# Visual Studio Version 17
VisualStudioVersion = 17.1.32328.378
MinimumVisualStudioVersion = 10.0.40219.1
Project("{FAE04EC0-301F-11D3-BF4B-00C04F79EFBC}") = "62010090", "62010090\62010090.csproj", "{4C059594-5DD2-4293-B0A4-0AAAFB5DA793}"
EndProject
Global
	GlobalSection(SolutionConfigurationPlatforms) = preSolution
		Debug|Any CPU = Debug|Any CPU
		Release|Any CPU = Release|Any CPU
	EndGlobalSection
	GlobalSection(ProjectConfigurationPlatforms) = postSolution
		{4C059594-5DD2-4293-B0A4-0AAAFB5DA793}.Debug|Any CPU.ActiveCfg = Debug|Any CPU
		{4C059594-5DD2-4293-B0A4-0AAAFB5DA793}.Debug|Any CPU.Build.0 = Debug|Any CPU
		{4C059594-5DD2-4293-B0A4-0AAAFB5DA793}.Release|Any CPU.ActiveCfg = Release|Any CPU
		{4C059594-5DD2-4293-B0A4-0AAAFB5DA793}.Release|Any CPU.Build.0 = Release|Any CPU
	EndGlobalSection
	GlobalSection(SolutionProperties) = preSolution
		HideSolutionNode = FALSE
	EndGlobalSection
	GlobalSection(ExtensibilityGlobals) = postSolution
		SolutionGuid = {FB5E8680-2990-4162-AC1D-27E46392C62C}
	EndGlobalSection
EndGlobal
